
Microsoft Visual Studio Solution File, Format Version 12.00
# Visual Studio Version 16
VisualStudioVersion = 16.0.31019.35
MinimumVisualStudioVersion = 10.0.40219.1
Project("{FAE04EC0-301F-11D3-BF4B-00C04F79EFBC}") = "DIO.Series", "DIO.Series.csproj", "{6E417BF1-2646-437F-8E03-55E199C6B702}"
EndProject
Global
	GlobalSection(SolutionConfigurationPlatforms) = preSolution
		Debug|Any CPU = Debug|Any CPU
		Release|Any CPU = Release|Any CPU
	EndGlobalSection
	GlobalSection(ProjectConfigurationPlatforms) = postSolution
		{6E417BF1-2646-437F-8E03-55E199C6B702}.Debug|Any CPU.ActiveCfg = Debug|Any CPU
		{6E417BF1-2646-437F-8E03-55E199C6B702}.Debug|Any CPU.Build.0 = Debug|Any CPU
		{6E417BF1-2646-437F-8E03-55E199C6B702}.Release|Any CPU.ActiveCfg = Release|Any CPU
		{6E417BF1-2646-437F-8E03-55E199C6B702}.Release|Any CPU.Build.0 = Release|Any CPU
	EndGlobalSection
	GlobalSection(SolutionProperties) = preSolution
		HideSolutionNode = FALSE
	EndGlobalSection
	GlobalSection(ExtensibilityGlobals) = postSolution
		SolutionGuid = {4C050FED-FAAC-4538-9BF9-A9B1F9561DAD}
	EndGlobalSection
EndGlobal
